
Microsoft Visual Studio Solution File, Format Version 12.00
# Visual Studio 15
VisualStudioVersion = 15.0.27428.2015
MinimumVisualStudioVersion = 10.0.40219.1
Project("{8BC9CEB8-8B4A-11D0-8D11-00A0C91BC942}") = "trigger", "trigger\trigger.vcxproj", "{BB72B1F7-93D1-4105-9A18-0EE92175F991}"
EndProject
Global
	GlobalSection(SolutionConfigurationPlatforms) = preSolution
		Debug|x64 = Debug|x64
		Debug|x86 = Debug|x86
		Release|x64 = Release|x64
		Release|x86 = Release|x86
	EndGlobalSection
	GlobalSection(ProjectConfigurationPlatforms) = postSolution
		{BB72B1F7-93D1-4105-9A18-0EE92175F991}.Debug|x64.ActiveCfg = Debug|x64
		{BB72B1F7-93D1-4105-9A18-0EE92175F991}.Debug|x64.Build.0 = Debug|x64
		{BB72B1F7-93D1-4105-9A18-0EE92175F991}.Debug|x86.ActiveCfg = Debug|Win32
		{BB72B1F7-93D1-4105-9A18-0EE92175F991}.Debug|x86.Build.0 = Debug|Win32
		{BB72B1F7-93D1-4105-9A18-0EE92175F991}.Release|x64.ActiveCfg = Release|x64
		{BB72B1F7-93D1-4105-9A18-0EE92175F991}.Release|x64.Build.0 = Release|x64
		{BB72B1F7-93D1-4105-9A18-0EE92175F991}.Release|x86.ActiveCfg = Release|Win32
		{BB72B1F7-93D1-4105-9A18-0EE92175F991}.Release|x86.Build.0 = Release|Win32
	EndGlobalSection
	GlobalSection(SolutionProperties) = preSolution
		HideSolutionNode = FALSE
	EndGlobalSection
	GlobalSection(ExtensibilityGlobals) = postSolution
		SolutionGuid = {773F0953-7A98-48FE-ABF1-F969C4ED9312}
	EndGlobalSection
EndGlobal
